{
  "name": "function-ninja",
  "version": "1.0.0",
  "lockfileVersion": 3,
  "requires": true,
  "packages": {
    "": {
      "name": "function-ninja",
      "version": "1.0.0",
      "license": "ISC",
      "dependencies": {
        "chance": "^1.1.12",
        "lodash": "^4.17.21"
      }
    },
    "node_modules/chance": {
      "version": "1.1.12",
      "resolved": "https://registry.npmjs.org/chance/-/chance-1.1.12.tgz",
      "integrity": "sha512-vVBIGQVnwtUG+SYe0ge+3MvF78cvSpuCOEUJr7sVEk2vSBuMW6OXNJjSzdtzrlxNUEaoqH2GBd5Y/+18BEB01Q==",
      "license": "MIT"
    },
    "node_modules/lodash": {
      "version": "4.17.21",
      "resolved": "https://registry.npmjs.org/lodash/-/lodash-4.17.21.tgz",
      "integrity": "sha512-v2kDEe57lecTulaDIuNTPy3Ry4gLGJ6Z1O3vE1krgXZNrsQ+LFTGHVxVjcXPs17LhbZVGedAJv8XZ1tvj5FvSg==",
      "license": "MIT"
    }
  }
}
